// !$*UTF8*$!
{
	archiveVersion = 1;
	classes = {
	};
	objectVersion = 46;
	objects = {

/* Begin PBXGroup section */
		DC5768581D7E0F7D001AE4FD = {
			isa = PBXGroup;
			children = (
			);
			sourceTree = "<group>";
		};
/* End PBXGroup section */

/* Begin PBXProject section */
		DC5768591D7E0F7D001AE4FD /* Project object */ = {
			isa = PBXProject;
			attributes = {
				LastUpgradeCheck = 0800;
			};
			buildConfigurationList = DC57685C1D7E0F7D001AE4FD /* Build configuration list for PBXProject "CKErrorHandler" */;
			compatibilityVersion = "Xcode 3.2";
			developmentRegion = English;
			hasScannedForEncodings = 0;
			knownRegions = (
				en,
			);
			mainGroup = DC5768581D7E0F7D001AE4FD;
			projectDirPath = "";
			projectRoot = "";
			targets = (
			);
		};
/* End PBXProject section */

/* Begin XCBuildConfiguration section */
		DC57685D1D7E0F7D001AE4FD /* Debug */ = {
			isa = XCBuildConfiguration;
			buildSettings = {
			};
			name = Debug;
		};
		DC57685E1D7E0F7D001AE4FD /* Release */ = {
			isa = XCBuildConfiguration;
			buildSettings = {
			};
			name = Release;
		};
/* End XCBuildConfiguration section */

/* Begin XCConfigurationList section */
		DC57685C1D7E0F7D001AE4FD /* Build configuration list for PBXProject "CKErrorHandler" */ = {
			isa = XCConfigurationList;
			buildConfigurations = (
				DC57685D1D7E0F7D001AE4FD /* Debug */,
				DC57685E1D7E0F7D001AE4FD /* Release */,
			);
			defaultConfigurationIsVisible = 0;
			defaultConfigurationName = Release;
		};
/* End XCConfigurationList section */
	};
	rootObject = DC5768591D7E0F7D001AE4FD /* Project object */;
}
