// !$*UTF8*$!
{
	archiveVersion = 1;
	classes = {
	};
	objectVersion = 46;
	objects = {

/* Begin PBXFileReference section */
		DC5768601D7E2026001AE4FD /* AppDelegate.swift */ = {isa = PBXFileReference; lastKnownFileType = sourcecode.swift; path = AppDelegate.swift; sourceTree = "<group>"; };
		DC5768611D7E2026001AE4FD /* Assets.xcassets */ = {isa = PBXFileReference; lastKnownFileType = folder.assetcatalog; path = Assets.xcassets; sourceTree = "<group>"; };
		DC5768631D7E2026001AE4FD /* Base */ = {isa = PBXFileReference; lastKnownFileType = file.storyboard; name = Base; path = Base.lproj/LaunchScreen.storyboard; sourceTree = "<group>"; };
		DC5768651D7E2026001AE4FD /* Base */ = {isa = PBXFileReference; lastKnownFileType = file.storyboard; name = Base; path = Base.lproj/Main.storyboard; sourceTree = "<group>"; };
		DC5768661D7E2026001AE4FD /* CloudErrorOps.swift */ = {isa = PBXFileReference; lastKnownFileType = sourcecode.swift; path = CloudErrorOps.swift; sourceTree = "<group>"; };
		DC5768671D7E2026001AE4FD /* CloudOps.swift */ = {isa = PBXFileReference; lastKnownFileType = sourcecode.swift; path = CloudOps.swift; sourceTree = "<group>"; };
		DC5768681D7E2026001AE4FD /* ErrorMessage.swift */ = {isa = PBXFileReference; lastKnownFileType = sourcecode.swift; path = ErrorMessage.swift; sourceTree = "<group>"; };
		DC5768691D7E2026001AE4FD /* Info.plist */ = {isa = PBXFileReference; lastKnownFileType = text.plist.xml; path = Info.plist; sourceTree = "<group>"; };
		DC57686B1D7E2026001AE4FD /* Recordable.swift */ = {isa = PBXFileReference; lastKnownFileType = sourcecode.swift; path = Recordable.swift; sourceTree = "<group>"; };
		DC57686E1D7E2036001AE4FD /* CloudErrorStrategiesTests.swift */ = {isa = PBXFileReference; lastKnownFileType = sourcecode.swift; name = CloudErrorStrategiesTests.swift; path = "CKErrorHandling Tests/CloudErrorStrategiesTests.swift"; sourceTree = "<group>"; };
		DC57686F1D7E2036001AE4FD /* Info.plist */ = {isa = PBXFileReference; lastKnownFileType = text.plist; name = Info.plist; path = "CKErrorHandling Tests/Info.plist"; sourceTree = "<group>"; };
		DC5768701D7E2036001AE4FD /* RecordableTests.swift */ = {isa = PBXFileReference; lastKnownFileType = sourcecode.swift; name = RecordableTests.swift; path = "CKErrorHandling Tests/RecordableTests.swift"; sourceTree = "<group>"; };
		DC5768721D7E2043001AE4FD /* Info.plist */ = {isa = PBXFileReference; lastKnownFileType = text.plist; name = Info.plist; path = CKErrorHandlingUITests/Info.plist; sourceTree = "<group>"; };
		DC5768731D7E2043001AE4FD /* VoyageUITests.swift */ = {isa = PBXFileReference; lastKnownFileType = sourcecode.swift; name = VoyageUITests.swift; path = CKErrorHandlingUITests/VoyageUITests.swift; sourceTree = "<group>"; };
/* End PBXFileReference section */

/* Begin PBXGroup section */
		9D8CBBAF1D89D38B0039B768 /* Operations */ = {
			isa = PBXGroup;
			children = (
			);
			name = Operations;
			sourceTree = "<group>";
		};
		DC5768581D7E0F7D001AE4FD = {
			isa = PBXGroup;
			children = (
				DC57685F1D7E2026001AE4FD /* CKErrorHandling Source */,
				DC57686D1D7E2036001AE4FD /* CKErrorHandling Tests */,
				DC5768711D7E2043001AE4FD /* CKErrorHandlingUITests */,
			);
			sourceTree = "<group>";
		};
		DC57685F1D7E2026001AE4FD /* CKErrorHandling Source */ = {
			isa = PBXGroup;
			children = (
				9D8CBBAF1D89D38B0039B768 /* Operations */,
				DC5768741D7E210B001AE4FD /* Resources */,
				DC57686B1D7E2026001AE4FD /* Recordable.swift */,
				DC5768671D7E2026001AE4FD /* CloudOps.swift */,
				DC5768661D7E2026001AE4FD /* CloudErrorOps.swift */,
				DC5768681D7E2026001AE4FD /* ErrorMessage.swift */,
			);
			path = "CKErrorHandling Source";
			sourceTree = "<group>";
		};
		DC57686D1D7E2036001AE4FD /* CKErrorHandling Tests */ = {
			isa = PBXGroup;
			children = (
				DC57686F1D7E2036001AE4FD /* Info.plist */,
				DC57686E1D7E2036001AE4FD /* CloudErrorStrategiesTests.swift */,
				DC5768701D7E2036001AE4FD /* RecordableTests.swift */,
			);
			name = "CKErrorHandling Tests";
			path = "CKErrorHandling Source/CKErrorHandling Tests";
			sourceTree = "<group>";
		};
		DC5768711D7E2043001AE4FD /* CKErrorHandlingUITests */ = {
			isa = PBXGroup;
			children = (
				DC5768721D7E2043001AE4FD /* Info.plist */,
				DC5768731D7E2043001AE4FD /* VoyageUITests.swift */,
			);
			name = CKErrorHandlingUITests;
			path = "CKErrorHandling Source/CKErrorHandling Tests/CKErrorHandlingUITests";
			sourceTree = "<group>";
		};
		DC5768741D7E210B001AE4FD /* Resources */ = {
			isa = PBXGroup;
			children = (
				DC5768691D7E2026001AE4FD /* Info.plist */,
				DC5768601D7E2026001AE4FD /* AppDelegate.swift */,
				DC5768611D7E2026001AE4FD /* Assets.xcassets */,
				DC5768621D7E2026001AE4FD /* LaunchScreen.storyboard */,
				DC5768641D7E2026001AE4FD /* Main.storyboard */,
			);
			name = Resources;
			sourceTree = "<group>";
		};
/* End PBXGroup section */

/* Begin PBXProject section */
		DC5768591D7E0F7D001AE4FD /* Project object */ = {
			isa = PBXProject;
			attributes = {
				LastUpgradeCheck = 0800;
			};
			buildConfigurationList = DC57685C1D7E0F7D001AE4FD /* Build configuration list for PBXProject "CKErrorHandler" */;
			compatibilityVersion = "Xcode 3.2";
			developmentRegion = English;
			hasScannedForEncodings = 0;
			knownRegions = (
				en,
				Base,
			);
			mainGroup = DC5768581D7E0F7D001AE4FD;
			projectDirPath = "";
			projectRoot = "";
			targets = (
			);
		};
/* End PBXProject section */

/* Begin PBXVariantGroup section */
		DC5768621D7E2026001AE4FD /* LaunchScreen.storyboard */ = {
			isa = PBXVariantGroup;
			children = (
				DC5768631D7E2026001AE4FD /* Base */,
			);
			name = LaunchScreen.storyboard;
			sourceTree = "<group>";
		};
		DC5768641D7E2026001AE4FD /* Main.storyboard */ = {
			isa = PBXVariantGroup;
			children = (
				DC5768651D7E2026001AE4FD /* Base */,
			);
			name = Main.storyboard;
			sourceTree = "<group>";
		};
/* End PBXVariantGroup section */

/* Begin XCBuildConfiguration section */
		DC57685D1D7E0F7D001AE4FD /* Debug */ = {
			isa = XCBuildConfiguration;
			buildSettings = {
			};
			name = Debug;
		};
		DC57685E1D7E0F7D001AE4FD /* Release */ = {
			isa = XCBuildConfiguration;
			buildSettings = {
			};
			name = Release;
		};
/* End XCBuildConfiguration section */

/* Begin XCConfigurationList section */
		DC57685C1D7E0F7D001AE4FD /* Build configuration list for PBXProject "CKErrorHandler" */ = {
			isa = XCConfigurationList;
			buildConfigurations = (
				DC57685D1D7E0F7D001AE4FD /* Debug */,
				DC57685E1D7E0F7D001AE4FD /* Release */,
			);
			defaultConfigurationIsVisible = 0;
			defaultConfigurationName = Release;
		};
/* End XCConfigurationList section */
	};
	rootObject = DC5768591D7E0F7D001AE4FD /* Project object */;
}
